
Microsoft Visual Studio Solution File, Format Version 12.00
# Visual Studio 14
VisualStudioVersion = 14.0.23107.0
MinimumVisualStudioVersion = 10.0.40219.1
Project("{2150E333-8FDC-42A3-9474-1A3956D46DE8}") = "01. Nuget", "01. Nuget", "{1112F2A8-D91F-43E7-A91B-2D5433BF7BC1}"
EndProject
Project("{2150E333-8FDC-42A3-9474-1A3956D46DE8}") = "02. Data Providers", "02. Data Providers", "{E162C75E-5553-43C4-B530-094538C28BB8}"
EndProject
Project("{2150E333-8FDC-42A3-9474-1A3956D46DE8}") = "03. Data Repository", "03. Data Repository", "{BAA8F298-9C75-4BCD-A891-771E283B2C77}"
EndProject
Project("{2150E333-8FDC-42A3-9474-1A3956D46DE8}") = "04. Core", "04. Core", "{3C6B8910-DE69-4FD9-BA19-50A14CFF58CA}"
EndProject
Project("{2150E333-8FDC-42A3-9474-1A3956D46DE8}") = "06. Test", "06. Test", "{F5310F7C-A361-4F72-B365-7CF3A0B40BCD}"
EndProject
Project("{2150E333-8FDC-42A3-9474-1A3956D46DE8}") = "08. WebApp", "08. WebApp", "{92FA6A96-BB06-48E1-9A78-B764B3B7E325}"
EndProject
Project("{2150E333-8FDC-42A3-9474-1A3956D46DE8}") = "05. Infrastructure", "05. Infrastructure", "{25CFFC51-1609-4514-99F5-81CC8AB3E09C}"
EndProject
Project("{FAE04EC0-301F-11D3-BF4B-00C04F79EFBC}") = "HeatChart.Entities.Sql", "HeatChart.Entities\HeatChart.Entities.Sql.csproj", "{D2C69AE5-8C6C-4C10-B726-8E5498E96177}"
EndProject
Project("{FAE04EC0-301F-11D3-BF4B-00C04F79EFBC}") = "HeatChart.Data.Sql", "HeatChart.Data\HeatChart.Data.Sql.csproj", "{A1477877-3DF2-4373-AE6C-A83F432F858A}"
EndProject
Project("{FAE04EC0-301F-11D3-BF4B-00C04F79EFBC}") = "HeatChart.DataRepository.Sql", "HeatChart.DataRepository.Sql\HeatChart.DataRepository.Sql.csproj", "{0D5537D0-B79E-49D2-AD6A-86002EC6833D}"
EndProject
Project("{FAE04EC0-301F-11D3-BF4B-00C04F79EFBC}") = "HeatChart.Domain.Core", "HeatChart.Domain.Core\HeatChart.Domain.Core.csproj", "{DEE5B546-80AF-4677-A2BE-FB6FFE5F779A}"
EndProject
Project("{2150E333-8FDC-42A3-9474-1A3956D46DE8}") = "06. Mappers", "06. Mappers", "{62DD8C95-2C8B-4EBE-88F1-7046828EBBD0}"
EndProject
Project("{FAE04EC0-301F-11D3-BF4B-00C04F79EFBC}") = "ModelMapper", "ModelMapper\ModelMapper.csproj", "{8230D17D-C2A6-43CA-BF97-F98384B37798}"
EndProject
Project("{FAE04EC0-301F-11D3-BF4B-00C04F79EFBC}") = "HeatChart.Core.Test", "HeatChart.Core.Test\HeatChart.Core.Test.csproj", "{61FF94B0-1328-4D9E-BBD1-B31CA9D9955F}"
EndProject
Project("{FAE04EC0-301F-11D3-BF4B-00C04F79EFBC}") = "HeatChart.MockData.Sql", "HeatChart.MockData.Sql\HeatChart.MockData.Sql.csproj", "{A08D02B4-13F0-4DE1-AE5F-0A6D9D628679}"
EndProject
Project("{FAE04EC0-301F-11D3-BF4B-00C04F79EFBC}") = "HeatChart.Infrastructure.Common", "HeatChart.Infrastructure.Common\HeatChart.Infrastructure.Common.csproj", "{9C2589E1-855D-413E-A7CD-08CE82302348}"
EndProject
Project("{FAE04EC0-301F-11D3-BF4B-00C04F79EFBC}") = "HeatChart.Infrastructure.Dependency", "HeatChart.Infrastructure.Dependency\HeatChart.Infrastructure.Dependency.csproj", "{066D2C5C-2AFE-4584-8D4E-2EEC3E01A76E}"
EndProject
Project("{FAE04EC0-301F-11D3-BF4B-00C04F79EFBC}") = "HeatChart.Web", "HeatChart.Web\HeatChart.Web.csproj", "{4AA49D27-DBF2-46B2-B8B9-340959CCE70B}"
EndProject
Project("{FAE04EC0-301F-11D3-BF4B-00C04F79EFBC}") = "HeatChart.ViewModels", "HeatChart.ViewModels\HeatChart.ViewModels.csproj", "{016B6A5E-14E6-4685-990F-5AEA6182DE39}"
EndProject
Project("{FAE04EC0-301F-11D3-BF4B-00C04F79EFBC}") = "CustomDatasourceDataset", "CustomDatasourceDataset\CustomDatasourceDataset.csproj", "{3E0177AC-3D69-44D5-8155-34ECA0C5E5E8}"
EndProject
Global
	GlobalSection(SolutionConfigurationPlatforms) = preSolution
		Debug|Any CPU = Debug|Any CPU
		Release|Any CPU = Release|Any CPU
	EndGlobalSection
	GlobalSection(ProjectConfigurationPlatforms) = postSolution
		{D2C69AE5-8C6C-4C10-B726-8E5498E96177}.Debug|Any CPU.ActiveCfg = Debug|Any CPU
		{D2C69AE5-8C6C-4C10-B726-8E5498E96177}.Debug|Any CPU.Build.0 = Debug|Any CPU
		{D2C69AE5-8C6C-4C10-B726-8E5498E96177}.Release|Any CPU.ActiveCfg = Release|Any CPU
		{D2C69AE5-8C6C-4C10-B726-8E5498E96177}.Release|Any CPU.Build.0 = Release|Any CPU
		{A1477877-3DF2-4373-AE6C-A83F432F858A}.Debug|Any CPU.ActiveCfg = Debug|Any CPU
		{A1477877-3DF2-4373-AE6C-A83F432F858A}.Debug|Any CPU.Build.0 = Debug|Any CPU
		{A1477877-3DF2-4373-AE6C-A83F432F858A}.Release|Any CPU.ActiveCfg = Release|Any CPU
		{A1477877-3DF2-4373-AE6C-A83F432F858A}.Release|Any CPU.Build.0 = Release|Any CPU
		{0D5537D0-B79E-49D2-AD6A-86002EC6833D}.Debug|Any CPU.ActiveCfg = Debug|Any CPU
		{0D5537D0-B79E-49D2-AD6A-86002EC6833D}.Debug|Any CPU.Build.0 = Debug|Any CPU
		{0D5537D0-B79E-49D2-AD6A-86002EC6833D}.Release|Any CPU.ActiveCfg = Release|Any CPU
		{0D5537D0-B79E-49D2-AD6A-86002EC6833D}.Release|Any CPU.Build.0 = Release|Any CPU
		{DEE5B546-80AF-4677-A2BE-FB6FFE5F779A}.Debug|Any CPU.ActiveCfg = Debug|Any CPU
		{DEE5B546-80AF-4677-A2BE-FB6FFE5F779A}.Debug|Any CPU.Build.0 = Debug|Any CPU
		{DEE5B546-80AF-4677-A2BE-FB6FFE5F779A}.Release|Any CPU.ActiveCfg = Release|Any CPU
		{DEE5B546-80AF-4677-A2BE-FB6FFE5F779A}.Release|Any CPU.Build.0 = Release|Any CPU
		{8230D17D-C2A6-43CA-BF97-F98384B37798}.Debug|Any CPU.ActiveCfg = Debug|Any CPU
		{8230D17D-C2A6-43CA-BF97-F98384B37798}.Debug|Any CPU.Build.0 = Debug|Any CPU
		{8230D17D-C2A6-43CA-BF97-F98384B37798}.Release|Any CPU.ActiveCfg = Release|Any CPU
		{8230D17D-C2A6-43CA-BF97-F98384B37798}.Release|Any CPU.Build.0 = Release|Any CPU
		{61FF94B0-1328-4D9E-BBD1-B31CA9D9955F}.Debug|Any CPU.ActiveCfg = Debug|Any CPU
		{61FF94B0-1328-4D9E-BBD1-B31CA9D9955F}.Debug|Any CPU.Build.0 = Debug|Any CPU
		{61FF94B0-1328-4D9E-BBD1-B31CA9D9955F}.Release|Any CPU.ActiveCfg = Release|Any CPU
		{61FF94B0-1328-4D9E-BBD1-B31CA9D9955F}.Release|Any CPU.Build.0 = Release|Any CPU
		{A08D02B4-13F0-4DE1-AE5F-0A6D9D628679}.Debug|Any CPU.ActiveCfg = Debug|Any CPU
		{A08D02B4-13F0-4DE1-AE5F-0A6D9D628679}.Debug|Any CPU.Build.0 = Debug|Any CPU
		{A08D02B4-13F0-4DE1-AE5F-0A6D9D628679}.Release|Any CPU.ActiveCfg = Release|Any CPU
		{A08D02B4-13F0-4DE1-AE5F-0A6D9D628679}.Release|Any CPU.Build.0 = Release|Any CPU
		{9C2589E1-855D-413E-A7CD-08CE82302348}.Debug|Any CPU.ActiveCfg = Debug|Any CPU
		{9C2589E1-855D-413E-A7CD-08CE82302348}.Debug|Any CPU.Build.0 = Debug|Any CPU
		{9C2589E1-855D-413E-A7CD-08CE82302348}.Release|Any CPU.ActiveCfg = Release|Any CPU
		{9C2589E1-855D-413E-A7CD-08CE82302348}.Release|Any CPU.Build.0 = Release|Any CPU
		{066D2C5C-2AFE-4584-8D4E-2EEC3E01A76E}.Debug|Any CPU.ActiveCfg = Debug|Any CPU
		{066D2C5C-2AFE-4584-8D4E-2EEC3E01A76E}.Debug|Any CPU.Build.0 = Debug|Any CPU
		{066D2C5C-2AFE-4584-8D4E-2EEC3E01A76E}.Release|Any CPU.ActiveCfg = Release|Any CPU
		{066D2C5C-2AFE-4584-8D4E-2EEC3E01A76E}.Release|Any CPU.Build.0 = Release|Any CPU
		{4AA49D27-DBF2-46B2-B8B9-340959CCE70B}.Debug|Any CPU.ActiveCfg = Debug|Any CPU
		{4AA49D27-DBF2-46B2-B8B9-340959CCE70B}.Debug|Any CPU.Build.0 = Debug|Any CPU
		{4AA49D27-DBF2-46B2-B8B9-340959CCE70B}.Release|Any CPU.ActiveCfg = Release|Any CPU
		{4AA49D27-DBF2-46B2-B8B9-340959CCE70B}.Release|Any CPU.Build.0 = Release|Any CPU
		{016B6A5E-14E6-4685-990F-5AEA6182DE39}.Debug|Any CPU.ActiveCfg = Debug|Any CPU
		{016B6A5E-14E6-4685-990F-5AEA6182DE39}.Debug|Any CPU.Build.0 = Debug|Any CPU
		{016B6A5E-14E6-4685-990F-5AEA6182DE39}.Release|Any CPU.ActiveCfg = Release|Any CPU
		{016B6A5E-14E6-4685-990F-5AEA6182DE39}.Release|Any CPU.Build.0 = Release|Any CPU
		{3E0177AC-3D69-44D5-8155-34ECA0C5E5E8}.Debug|Any CPU.ActiveCfg = Debug|Any CPU
		{3E0177AC-3D69-44D5-8155-34ECA0C5E5E8}.Debug|Any CPU.Build.0 = Debug|Any CPU
		{3E0177AC-3D69-44D5-8155-34ECA0C5E5E8}.Release|Any CPU.ActiveCfg = Release|Any CPU
		{3E0177AC-3D69-44D5-8155-34ECA0C5E5E8}.Release|Any CPU.Build.0 = Release|Any CPU
	EndGlobalSection
	GlobalSection(SolutionProperties) = preSolution
		HideSolutionNode = FALSE
	EndGlobalSection
	GlobalSection(NestedProjects) = preSolution
		{D2C69AE5-8C6C-4C10-B726-8E5498E96177} = {E162C75E-5553-43C4-B530-094538C28BB8}
		{A1477877-3DF2-4373-AE6C-A83F432F858A} = {E162C75E-5553-43C4-B530-094538C28BB8}
		{0D5537D0-B79E-49D2-AD6A-86002EC6833D} = {BAA8F298-9C75-4BCD-A891-771E283B2C77}
		{DEE5B546-80AF-4677-A2BE-FB6FFE5F779A} = {3C6B8910-DE69-4FD9-BA19-50A14CFF58CA}
		{8230D17D-C2A6-43CA-BF97-F98384B37798} = {62DD8C95-2C8B-4EBE-88F1-7046828EBBD0}
		{61FF94B0-1328-4D9E-BBD1-B31CA9D9955F} = {F5310F7C-A361-4F72-B365-7CF3A0B40BCD}
		{A08D02B4-13F0-4DE1-AE5F-0A6D9D628679} = {E162C75E-5553-43C4-B530-094538C28BB8}
		{9C2589E1-855D-413E-A7CD-08CE82302348} = {25CFFC51-1609-4514-99F5-81CC8AB3E09C}
		{066D2C5C-2AFE-4584-8D4E-2EEC3E01A76E} = {25CFFC51-1609-4514-99F5-81CC8AB3E09C}
		{4AA49D27-DBF2-46B2-B8B9-340959CCE70B} = {92FA6A96-BB06-48E1-9A78-B764B3B7E325}
		{016B6A5E-14E6-4685-990F-5AEA6182DE39} = {92FA6A96-BB06-48E1-9A78-B764B3B7E325}
		{3E0177AC-3D69-44D5-8155-34ECA0C5E5E8} = {3C6B8910-DE69-4FD9-BA19-50A14CFF58CA}
	EndGlobalSection
EndGlobal
